{
  "name": "alexfurprojects.github.io",
  "version": "1.0.0",
  "lockfileVersion": 1,
  "requires": true,
  "dependencies": {
    "@irojs/iro-core": {
      "version": "1.2.0",
      "resolved": "https://registry.npmjs.org/@irojs/iro-core/-/iro-core-1.2.0.tgz",
      "integrity": "sha512-RVxd4lEx3KPXRBYo7urLSr9C3PJsm3t9AgPQppP5LDqQcMrXCXcZoeneMtQndMk60k72NziNiPpbZlZIvcT4VQ=="
    },
    "@jaames/iro": {
      "version": "5.5.1",
      "resolved": "https://registry.npmjs.org/@jaames/iro/-/iro-5.5.1.tgz",
      "integrity": "sha512-HR2phfXjEINFKXxEdbGqp9/MfHfQ/xP+nLi2gjNV4RHB3tBOgHMpS1WFMU7fp1vl//vWXxKxVKa91D+5JoFgMA==",
      "requires": {
        "@irojs/iro-core": "^1.2.0",
        "preact": "^10.0.0"
      }
    },
    "colors.js": {
      "version": "1.2.4",
      "resolved": "https://registry.npmjs.org/colors.js/-/colors.js-1.2.4.tgz",
      "integrity": "sha1-U4DdOUERZ4b7wFX06kAgL8/goPA="
    },
    "preact": {
      "version": "10.5.13",
      "resolved": "https://registry.npmjs.org/preact/-/preact-10.5.13.tgz",
      "integrity": "sha512-q/vlKIGNwzTLu+jCcvywgGrt+H/1P/oIRSD6mV4ln3hmlC+Aa34C7yfPI4+5bzW8pONyVXYS7SvXosy2dKKtWQ=="
    },
    "rgbquant": {
      "version": "1.1.2",
      "resolved": "https://registry.npmjs.org/rgbquant/-/rgbquant-1.1.2.tgz",
      "integrity": "sha1-2V6Imo/LHmwaT6LMyL46QaL80YU="
    },
    "tinycolor2": {
      "version": "1.4.2",
      "resolved": "https://registry.npmjs.org/tinycolor2/-/tinycolor2-1.4.2.tgz",
      "integrity": "sha512-vJhccZPs965sV/L2sU4oRQVAos0pQXwsvTLkWYdqJ+a8Q5kPFzJTuOFwy7UniPli44NKQGAglksjvOcpo95aZA=="
    }
  }
}
