{
  "name": "alexfurprojects.github.io",
  "version": "1.0.0",
  "lockfileVersion": 1,
  "requires": true,
  "dependencies": {
    "colors.js": {
      "version": "1.2.4",
      "resolved": "https://registry.npmjs.org/colors.js/-/colors.js-1.2.4.tgz",
      "integrity": "sha1-U4DdOUERZ4b7wFX06kAgL8/goPA="
    },
    "rgbquant": {
      "version": "1.1.2",
      "resolved": "https://registry.npmjs.org/rgbquant/-/rgbquant-1.1.2.tgz",
      "integrity": "sha1-2V6Imo/LHmwaT6LMyL46QaL80YU="
    },
    "tinycolor2": {
      "version": "1.4.2",
      "resolved": "https://registry.npmjs.org/tinycolor2/-/tinycolor2-1.4.2.tgz",
      "integrity": "sha512-vJhccZPs965sV/L2sU4oRQVAos0pQXwsvTLkWYdqJ+a8Q5kPFzJTuOFwy7UniPli44NKQGAglksjvOcpo95aZA=="
    }
  }
}
